
Microsoft Visual Studio Solution File, Format Version 12.00
# Visual Studio Version 17
VisualStudioVersion = 17.5.002.0
MinimumVisualStudioVersion = 10.0.40219.1
Project("{9A19103F-16F7-4668-BE54-9A1E7A4F7556}") = "ContactCenter.Interactions.Service", "src\ContactCenter.Interactions.Service\ContactCenter.Interactions.Service.csproj", "{C84CD2C0-FB78-4656-A00F-6CF978A75802}"
EndProject
Project("{9A19103F-16F7-4668-BE54-9A1E7A4F7556}") = "ContactCenter.Interactions.Service.Tests", "tests\ContactCenter.Interactions.Service.Tests\ContactCenter.Interactions.Service.Tests.csproj", "{B7D41123-5506-4870-8A72-58C486629395}"
EndProject
Project("{2150E333-8FDC-42A3-9474-1A3956D46DE8}") = "_root", "_root", "{2FF6EDA0-7567-4D75-8A50-64B4F7210895}"
	ProjectSection(SolutionItems) = preProject
		.editorconfig = .editorconfig
		Directory.Build.props = Directory.Build.props
		Directory.Packages.props = Directory.Packages.props
		Dockerfile = Dockerfile
		README.md = README.md
		NuGet.Config = NuGet.Config
	EndProjectSection
EndProject
Project("{2150E333-8FDC-42A3-9474-1A3956D46DE8}") = "nswag", "nswag", "{29E3DACC-313E-4116-BB86-456E497BC727}"
	ProjectSection(SolutionItems) = preProject
		nswag\pcs.nswag = nswag\pcs.nswag
		nswag\vaservice.nswag = nswag\vaservice.nswag
		nswag\userservice.nswag = nswag\userservice.nswag
		nswag\generate.sh = nswag\generate.sh
	EndProjectSection
EndProject
Global
	GlobalSection(SolutionConfigurationPlatforms) = preSolution
		Debug|Any CPU = Debug|Any CPU
		Release|Any CPU = Release|Any CPU
	EndGlobalSection
	GlobalSection(ProjectConfigurationPlatforms) = postSolution
		{C84CD2C0-FB78-4656-A00F-6CF978A75802}.Debug|Any CPU.ActiveCfg = Debug|Any CPU
		{C84CD2C0-FB78-4656-A00F-6CF978A75802}.Debug|Any CPU.Build.0 = Debug|Any CPU
		{C84CD2C0-FB78-4656-A00F-6CF978A75802}.Release|Any CPU.ActiveCfg = Release|Any CPU
		{C84CD2C0-FB78-4656-A00F-6CF978A75802}.Release|Any CPU.Build.0 = Release|Any CPU
		{B7D41123-5506-4870-8A72-58C486629395}.Debug|Any CPU.ActiveCfg = Debug|Any CPU
		{B7D41123-5506-4870-8A72-58C486629395}.Debug|Any CPU.Build.0 = Debug|Any CPU
		{B7D41123-5506-4870-8A72-58C486629395}.Release|Any CPU.ActiveCfg = Release|Any CPU
		{B7D41123-5506-4870-8A72-58C486629395}.Release|Any CPU.Build.0 = Release|Any CPU
	EndGlobalSection
	GlobalSection(SolutionProperties) = preSolution
		HideSolutionNode = FALSE
	EndGlobalSection
	GlobalSection(NestedProjects) = preSolution
		{29E3DACC-313E-4116-BB86-456E497BC727} = {2FF6EDA0-7567-4D75-8A50-64B4F7210895}
	EndGlobalSection
	GlobalSection(ExtensibilityGlobals) = postSolution
		SolutionGuid = {7670A8E7-66A7-4BAF-B889-73CEF5007CC4}
	EndGlobalSection
EndGlobal
